
Microsoft Visual Studio Solution File, Format Version 12.00
# Visual Studio Version 17
VisualStudioVersion = 17.11.35222.181
MinimumVisualStudioVersion = 10.0.40219.1
Project("{F184B08F-C81C-45F6-A57F-5ABD9991F28F}") = "Eleventh Program", "Eleventh Program\Eleventh Program.vbproj", "{75CD2406-06DA-48A6-BD7F-9AA11F51644D}"
EndProject
Global
	GlobalSection(SolutionConfigurationPlatforms) = preSolution
		Debug|Any CPU = Debug|Any CPU
		Release|Any CPU = Release|Any CPU
	EndGlobalSection
	GlobalSection(ProjectConfigurationPlatforms) = postSolution
		{75CD2406-06DA-48A6-BD7F-9AA11F51644D}.Debug|Any CPU.ActiveCfg = Debug|Any CPU
		{75CD2406-06DA-48A6-BD7F-9AA11F51644D}.Debug|Any CPU.Build.0 = Debug|Any CPU
		{75CD2406-06DA-48A6-BD7F-9AA11F51644D}.Release|Any CPU.ActiveCfg = Release|Any CPU
		{75CD2406-06DA-48A6-BD7F-9AA11F51644D}.Release|Any CPU.Build.0 = Release|Any CPU
	EndGlobalSection
	GlobalSection(SolutionProperties) = preSolution
		HideSolutionNode = FALSE
	EndGlobalSection
	GlobalSection(ExtensibilityGlobals) = postSolution
		SolutionGuid = {C9881A3B-88B2-4724-B45B-4D7C65495CB1}
	EndGlobalSection
EndGlobal
